
Microsoft Visual Studio Solution File, Format Version 12.00
# Visual Studio Version 17
VisualStudioVersion = 17.1.32210.238
MinimumVisualStudioVersion = 10.0.40219.1
Project("{FAE04EC0-301F-11D3-BF4B-00C04F79EFBC}") = "03_15", "03_15\03_15.csproj", "{A75AFD73-1385-44C3-A72D-F9EBA59D7CA6}"
EndProject
Global
	GlobalSection(SolutionConfigurationPlatforms) = preSolution
		Debug|Any CPU = Debug|Any CPU
		Release|Any CPU = Release|Any CPU
	EndGlobalSection
	GlobalSection(ProjectConfigurationPlatforms) = postSolution
		{A75AFD73-1385-44C3-A72D-F9EBA59D7CA6}.Debug|Any CPU.ActiveCfg = Debug|Any CPU
		{A75AFD73-1385-44C3-A72D-F9EBA59D7CA6}.Debug|Any CPU.Build.0 = Debug|Any CPU
		{A75AFD73-1385-44C3-A72D-F9EBA59D7CA6}.Release|Any CPU.ActiveCfg = Release|Any CPU
		{A75AFD73-1385-44C3-A72D-F9EBA59D7CA6}.Release|Any CPU.Build.0 = Release|Any CPU
	EndGlobalSection
	GlobalSection(SolutionProperties) = preSolution
		HideSolutionNode = FALSE
	EndGlobalSection
	GlobalSection(ExtensibilityGlobals) = postSolution
		SolutionGuid = {8AC72648-FB34-4EDD-A351-671B02797A4B}
	EndGlobalSection
EndGlobal
