
Microsoft Visual Studio Solution File, Format Version 12.00
# Visual Studio Version 17
VisualStudioVersion = 17.1.32407.343
MinimumVisualStudioVersion = 10.0.40219.1
Project("{FAE04EC0-301F-11D3-BF4B-00C04F79EFBC}") = "05_02", "05_02\05_02.csproj", "{271551F8-883E-4C0E-8BFB-F1CFCB01545C}"
EndProject
Global
	GlobalSection(SolutionConfigurationPlatforms) = preSolution
		Debug|Any CPU = Debug|Any CPU
		Release|Any CPU = Release|Any CPU
	EndGlobalSection
	GlobalSection(ProjectConfigurationPlatforms) = postSolution
		{271551F8-883E-4C0E-8BFB-F1CFCB01545C}.Debug|Any CPU.ActiveCfg = Debug|Any CPU
		{271551F8-883E-4C0E-8BFB-F1CFCB01545C}.Debug|Any CPU.Build.0 = Debug|Any CPU
		{271551F8-883E-4C0E-8BFB-F1CFCB01545C}.Release|Any CPU.ActiveCfg = Release|Any CPU
		{271551F8-883E-4C0E-8BFB-F1CFCB01545C}.Release|Any CPU.Build.0 = Release|Any CPU
	EndGlobalSection
	GlobalSection(SolutionProperties) = preSolution
		HideSolutionNode = FALSE
	EndGlobalSection
	GlobalSection(ExtensibilityGlobals) = postSolution
		SolutionGuid = {59061C10-CFDC-493E-90B4-B2C2B41AB406}
	EndGlobalSection
EndGlobal
