
Microsoft Visual Studio Solution File, Format Version 12.00
# Visual Studio Version 17
VisualStudioVersion = 17.1.32210.238
MinimumVisualStudioVersion = 10.0.40219.1
Project("{FAE04EC0-301F-11D3-BF4B-00C04F79EFBC}") = "03_29", "03_29\03_29.csproj", "{44F55AAA-E8C1-4462-A57E-20ADB7B88B31}"
EndProject
Project("{FAE04EC0-301F-11D3-BF4B-00C04F79EFBC}") = "03_29Tests", "03_29Tests\03_29Tests.csproj", "{F769126B-054B-440D-9944-FA2A4CD9EE5E}"
EndProject
Global
	GlobalSection(SolutionConfigurationPlatforms) = preSolution
		Debug|Any CPU = Debug|Any CPU
		Release|Any CPU = Release|Any CPU
	EndGlobalSection
	GlobalSection(ProjectConfigurationPlatforms) = postSolution
		{44F55AAA-E8C1-4462-A57E-20ADB7B88B31}.Debug|Any CPU.ActiveCfg = Debug|Any CPU
		{44F55AAA-E8C1-4462-A57E-20ADB7B88B31}.Debug|Any CPU.Build.0 = Debug|Any CPU
		{44F55AAA-E8C1-4462-A57E-20ADB7B88B31}.Release|Any CPU.ActiveCfg = Release|Any CPU
		{44F55AAA-E8C1-4462-A57E-20ADB7B88B31}.Release|Any CPU.Build.0 = Release|Any CPU
		{F769126B-054B-440D-9944-FA2A4CD9EE5E}.Debug|Any CPU.ActiveCfg = Debug|Any CPU
		{F769126B-054B-440D-9944-FA2A4CD9EE5E}.Debug|Any CPU.Build.0 = Debug|Any CPU
		{F769126B-054B-440D-9944-FA2A4CD9EE5E}.Release|Any CPU.ActiveCfg = Release|Any CPU
		{F769126B-054B-440D-9944-FA2A4CD9EE5E}.Release|Any CPU.Build.0 = Release|Any CPU
	EndGlobalSection
	GlobalSection(SolutionProperties) = preSolution
		HideSolutionNode = FALSE
	EndGlobalSection
	GlobalSection(ExtensibilityGlobals) = postSolution
		SolutionGuid = {ACF8CB60-882E-4D25-BE88-762C9BF0882A}
	EndGlobalSection
EndGlobal
