
Microsoft Visual Studio Solution File, Format Version 12.00
# Visual Studio Version 17
VisualStudioVersion = 17.1.32407.343
MinimumVisualStudioVersion = 10.0.40219.1
Project("{FAE04EC0-301F-11D3-BF4B-00C04F79EFBC}") = "04_19", "04_19\04_19.csproj", "{19BB2D06-F030-47EB-B2EA-59A23DF91C47}"
EndProject
Global
	GlobalSection(SolutionConfigurationPlatforms) = preSolution
		Debug|Any CPU = Debug|Any CPU
		Release|Any CPU = Release|Any CPU
	EndGlobalSection
	GlobalSection(ProjectConfigurationPlatforms) = postSolution
		{19BB2D06-F030-47EB-B2EA-59A23DF91C47}.Debug|Any CPU.ActiveCfg = Debug|Any CPU
		{19BB2D06-F030-47EB-B2EA-59A23DF91C47}.Debug|Any CPU.Build.0 = Debug|Any CPU
		{19BB2D06-F030-47EB-B2EA-59A23DF91C47}.Release|Any CPU.ActiveCfg = Release|Any CPU
		{19BB2D06-F030-47EB-B2EA-59A23DF91C47}.Release|Any CPU.Build.0 = Release|Any CPU
	EndGlobalSection
	GlobalSection(SolutionProperties) = preSolution
		HideSolutionNode = FALSE
	EndGlobalSection
	GlobalSection(ExtensibilityGlobals) = postSolution
		SolutionGuid = {859FDCEA-1236-46C2-B1E9-0062BFDF20D2}
	EndGlobalSection
EndGlobal
