
Microsoft Visual Studio Solution File, Format Version 12.00
# Visual Studio Version 17
VisualStudioVersion = 17.1.32210.238
MinimumVisualStudioVersion = 10.0.40219.1
Project("{FAE04EC0-301F-11D3-BF4B-00C04F79EFBC}") = "03_01", "03_01\03_01.csproj", "{367E2555-29ED-4786-85C9-53C78F6A800A}"
EndProject
Global
	GlobalSection(SolutionConfigurationPlatforms) = preSolution
		Debug|Any CPU = Debug|Any CPU
		Release|Any CPU = Release|Any CPU
	EndGlobalSection
	GlobalSection(ProjectConfigurationPlatforms) = postSolution
		{367E2555-29ED-4786-85C9-53C78F6A800A}.Debug|Any CPU.ActiveCfg = Debug|Any CPU
		{367E2555-29ED-4786-85C9-53C78F6A800A}.Debug|Any CPU.Build.0 = Debug|Any CPU
		{367E2555-29ED-4786-85C9-53C78F6A800A}.Release|Any CPU.ActiveCfg = Release|Any CPU
		{367E2555-29ED-4786-85C9-53C78F6A800A}.Release|Any CPU.Build.0 = Release|Any CPU
	EndGlobalSection
	GlobalSection(SolutionProperties) = preSolution
		HideSolutionNode = FALSE
	EndGlobalSection
	GlobalSection(ExtensibilityGlobals) = postSolution
		SolutionGuid = {FBA8365D-3186-4DFD-8494-6910C86776BD}
	EndGlobalSection
EndGlobal
