
Microsoft Visual Studio Solution File, Format Version 12.00
# Visual Studio Version 17
VisualStudioVersion = 17.1.32210.238
MinimumVisualStudioVersion = 10.0.40219.1
Project("{FAE04EC0-301F-11D3-BF4B-00C04F79EFBC}") = "03_22", "03_22\03_22.csproj", "{BD7FF6F4-E7B2-4CA4-AB25-282862E14C68}"
EndProject
Global
	GlobalSection(SolutionConfigurationPlatforms) = preSolution
		Debug|Any CPU = Debug|Any CPU
		Release|Any CPU = Release|Any CPU
	EndGlobalSection
	GlobalSection(ProjectConfigurationPlatforms) = postSolution
		{BD7FF6F4-E7B2-4CA4-AB25-282862E14C68}.Debug|Any CPU.ActiveCfg = Debug|Any CPU
		{BD7FF6F4-E7B2-4CA4-AB25-282862E14C68}.Debug|Any CPU.Build.0 = Debug|Any CPU
		{BD7FF6F4-E7B2-4CA4-AB25-282862E14C68}.Release|Any CPU.ActiveCfg = Release|Any CPU
		{BD7FF6F4-E7B2-4CA4-AB25-282862E14C68}.Release|Any CPU.Build.0 = Release|Any CPU
	EndGlobalSection
	GlobalSection(SolutionProperties) = preSolution
		HideSolutionNode = FALSE
	EndGlobalSection
	GlobalSection(ExtensibilityGlobals) = postSolution
		SolutionGuid = {200259B0-9D9A-4AD3-A1B2-72545E58CDF1}
	EndGlobalSection
EndGlobal
