
Microsoft Visual Studio Solution File, Format Version 12.00
# Visual Studio Version 17
VisualStudioVersion = 17.1.32407.343
MinimumVisualStudioVersion = 10.0.40219.1
Project("{FAE04EC0-301F-11D3-BF4B-00C04F79EFBC}") = "05_24", "05_24\05_24.csproj", "{D15308AB-1CC5-4556-B3F2-815422A4348A}"
EndProject
Global
	GlobalSection(SolutionConfigurationPlatforms) = preSolution
		Debug|Any CPU = Debug|Any CPU
		Release|Any CPU = Release|Any CPU
	EndGlobalSection
	GlobalSection(ProjectConfigurationPlatforms) = postSolution
		{D15308AB-1CC5-4556-B3F2-815422A4348A}.Debug|Any CPU.ActiveCfg = Debug|Any CPU
		{D15308AB-1CC5-4556-B3F2-815422A4348A}.Debug|Any CPU.Build.0 = Debug|Any CPU
		{D15308AB-1CC5-4556-B3F2-815422A4348A}.Release|Any CPU.ActiveCfg = Release|Any CPU
		{D15308AB-1CC5-4556-B3F2-815422A4348A}.Release|Any CPU.Build.0 = Release|Any CPU
	EndGlobalSection
	GlobalSection(SolutionProperties) = preSolution
		HideSolutionNode = FALSE
	EndGlobalSection
	GlobalSection(ExtensibilityGlobals) = postSolution
		SolutionGuid = {8D480FF8-7A39-4613-B2FB-E9DA90FB0BD3}
	EndGlobalSection
EndGlobal
