
Microsoft Visual Studio Solution File, Format Version 12.00
# Visual Studio Version 17
VisualStudioVersion = 17.1.32407.343
MinimumVisualStudioVersion = 10.0.40219.1
Project("{FAE04EC0-301F-11D3-BF4B-00C04F79EFBC}") = "06_09", "06_09\06_09.csproj", "{5E442F0C-6955-4222-A0F9-AD4282614BD3}"
EndProject
Global
	GlobalSection(SolutionConfigurationPlatforms) = preSolution
		Debug|Any CPU = Debug|Any CPU
		Release|Any CPU = Release|Any CPU
	EndGlobalSection
	GlobalSection(ProjectConfigurationPlatforms) = postSolution
		{5E442F0C-6955-4222-A0F9-AD4282614BD3}.Debug|Any CPU.ActiveCfg = Debug|Any CPU
		{5E442F0C-6955-4222-A0F9-AD4282614BD3}.Debug|Any CPU.Build.0 = Debug|Any CPU
		{5E442F0C-6955-4222-A0F9-AD4282614BD3}.Release|Any CPU.ActiveCfg = Release|Any CPU
		{5E442F0C-6955-4222-A0F9-AD4282614BD3}.Release|Any CPU.Build.0 = Release|Any CPU
	EndGlobalSection
	GlobalSection(SolutionProperties) = preSolution
		HideSolutionNode = FALSE
	EndGlobalSection
	GlobalSection(ExtensibilityGlobals) = postSolution
		SolutionGuid = {74CEA41E-1495-4A56-917A-71014083BFE0}
	EndGlobalSection
EndGlobal
